# This file is automatically @generated by Cargo.
# It is not intended for manual editing.
version = 4

[[package]]
name = "cubic-app"
version = "0.1.0"
dependencies = [
 "cubic-core",
]

[[package]]
name = "cubic-core"
version = "0.1.0"

[[package]]
name = "cubic-platform"
version = "0.1.0"

[[package]]
name = "cubic-protocol"
version = "0.1.0"

[[package]]
name = "cubic-render"
version = "0.1.0"

[[package]]
name = "cubic-resources"
version = "0.1.0"

[[package]]
name = "cubic-ui"
version = "0.1.0"

[[package]]
name = "cubic-version"
version = "0.1.0"

[[package]]
name = "cubic-world"
version = "0.1.0"

[[package]]
name = "version-generator"
version = "0.1.0"
